// !$*UTF8*$!
{
	archiveVersion = 1;
	classes = {
	};
	objectVersion = 50;
	objects = {

/* Begin PBXBuildFile section */
		3198D250242A84F100BF5F7E /* AppDelegate.swift in Sources */ = {isa = PBXBuildFile; fileRef = 3198D24F242A84F100BF5F7E /* AppDelegate.swift */; };
		3198D252242A84F100BF5F7E /* SceneDelegate.swift in Sources */ = {isa = PBXBuildFile; fileRef = 3198D251242A84F100BF5F7E /* SceneDelegate.swift */; };
		3198D254242A84F100BF5F7E /* ViewController.swift in Sources */ = {isa = PBXBuildFile; fileRef = 3198D253242A84F100BF5F7E /* ViewController.swift */; };
		3198D257242A84F100BF5F7E /* Main.storyboard in Resources */ = {isa = PBXBuildFile; fileRef = 3198D255242A84F100BF5F7E /* Main.storyboard */; };
		3198D259242A850000BF5F7E /* Assets.xcassets in Resources */ = {isa = PBXBuildFile; fileRef = 3198D258242A850000BF5F7E /* Assets.xcassets */; };
		3198D25C242A850000BF5F7E /* LaunchScreen.storyboard in Resources */ = {isa = PBXBuildFile; fileRef = 3198D25A242A850000BF5F7E /* LaunchScreen.storyboard */; };
		3198D267242A850100BF5F7E /* Hello_worldTests.swift in Sources */ = {isa = PBXBuildFile; fileRef = 3198D266242A850100BF5F7E /* Hello_worldTests.swift */; };
		3198D272242A850100BF5F7E /* Hello_worldUITests.swift in Sources */ = {isa = PBXBuildFile; fileRef = 3198D271242A850100BF5F7E /* Hello_worldUITests.swift */; };
/* End PBXBuildFile section */

/* Begin PBXContainerItemProxy section */
		3198D263242A850100BF5F7E /* PBXContainerItemProxy */ = {
			isa = PBXContainerItemProxy;
			containerPortal = 3198D244242A84F100BF5F7E /* Project object */;
			proxyType = 1;
			remoteGlobalIDString = 3198D24B242A84F100BF5F7E;
			remoteInfo = "Hello world";
		};
		3198D26E242A850100BF5F7E /* PBXContainerItemProxy */ = {
			isa = PBXContainerItemProxy;
			containerPortal = 3198D244242A84F100BF5F7E /* Project object */;
			proxyType = 1;
			remoteGlobalIDString = 3198D24B242A84F100BF5F7E;
			remoteInfo = "Hello world";
		};
/* End PBXContainerItemProxy section */

/* Begin PBXFileReference section */
		3198D24C242A84F100BF5F7E /* Hello world.app */ = {isa = PBXFileReference; explicitFileType = wrapper.application; includeInIndex = 0; path = "Hello world.app"; sourceTree = BUILT_PRODUCTS_DIR; };
		3198D24F242A84F100BF5F7E /* AppDelegate.swift */ = {isa = PBXFileReference; lastKnownFileType = sourcecode.swift; path = AppDelegate.swift; sourceTree = "<group>"; };
		3198D251242A84F100BF5F7E /* SceneDelegate.swift */ = {isa = PBXFileReference; lastKnownFileType = sourcecode.swift; path = SceneDelegate.swift; sourceTree = "<group>"; };
		3198D253242A84F100BF5F7E /* ViewController.swift */ = {isa = PBXFileReference; lastKnownFileType = sourcecode.swift; path = ViewController.swift; sourceTree = "<group>"; };
		3198D256242A84F100BF5F7E /* Base */ = {isa = PBXFileReference; lastKnownFileType = file.storyboard; name = Base; path = Base.lproj/Main.storyboard; sourceTree = "<group>"; };
		3198D258242A850000BF5F7E /* Assets.xcassets */ = {isa = PBXFileReference; lastKnownFileType = folder.assetcatalog; path = Assets.xcassets; sourceTree = "<group>"; };
		3198D25B242A850000BF5F7E /* Base */ = {isa = PBXFileReference; lastKnownFileType = file.storyboard; name = Base; path = Base.lproj/LaunchScreen.storyboard; sourceTree = "<group>"; };
		3198D25D242A850000BF5F7E /* Info.plist */ = {isa = PBXFileReference; lastKnownFileType = text.plist.xml; path = Info.plist; sourceTree = "<group>"; };
		3198D262242A850100BF5F7E /* Hello worldTests.xctest */ = {isa = PBXFileReference; explicitFileType = wrapper.cfbundle; includeInIndex = 0; path = "Hello worldTests.xctest"; sourceTree = BUILT_PRODUCTS_DIR; };
		3198D266242A850100BF5F7E /* Hello_worldTests.swift */ = {isa = PBXFileReference; lastKnownFileType = sourcecode.swift; path = Hello_worldTests.swift; sourceTree = "<group>"; };
		3198D268242A850100BF5F7E /* Info.plist */ = {isa = PBXFileReference; lastKnownFileType = text.plist.xml; path = Info.plist; sourceTree = "<group>"; };
		3198D26D242A850100BF5F7E /* Hello worldUITests.xctest */ = {isa = PBXFileReference; explicitFileType = wrapper.cfbundle; includeInIndex = 0; path = "Hello worldUITests.xctest"; sourceTree = BUILT_PRODUCTS_DIR; };
		3198D271242A850100BF5F7E /* Hello_worldUITests.swift */ = {isa = PBXFileReference; lastKnownFileType = sourcecode.swift; path = Hello_worldUITests.swift; sourceTree = "<group>"; };
		3198D273242A850100BF5F7E /* Info.plist */ = {isa = PBXFileReference; lastKnownFileType = text.plist.xml; path = Info.plist; sourceTree = "<group>"; };
/* End PBXFileReference section */

/* Begin PBXFrameworksBuildPhase section */
		3198D249242A84F100BF5F7E /* Frameworks */ = {
			isa = PBXFrameworksBuildPhase;
			buildActionMask = 2147483647;
			files = (
			);
			runOnlyForDeploymentPostprocessing = 0;
		};
		3198D25F242A850100BF5F7E /* Frameworks */ = {
			isa = PBXFrameworksBuildPhase;
			buildActionMask = 2147483647;
			files = (
			);
			runOnlyForDeploymentPostprocessing = 0;
		};
		3198D26A242A850100BF5F7E /* Frameworks */ = {
			isa = PBXFrameworksBuildPhase;
			buildActionMask = 2147483647;
			files = (
			);
			runOnlyForDeploymentPostprocessing = 0;
		};
/* End PBXFrameworksBuildPhase section */

/* Begin PBXGroup section */
		3198D243242A84F100BF5F7E = {
			isa = PBXGroup;
			children = (
				3198D24E242A84F100BF5F7E /* Hello world */,
				3198D265242A850100BF5F7E /* Hello worldTests */,
				3198D270242A850100BF5F7E /* Hello worldUITests */,
				3198D24D242A84F100BF5F7E /* Products */,
			);
			sourceTree = "<group>";
		};
		3198D24D242A84F100BF5F7E /* Products */ = {
			isa = PBXGroup;
			children = (
				3198D24C242A84F100BF5F7E /* Hello world.app */,
				3198D262242A850100BF5F7E /* Hello worldTests.xctest */,
				3198D26D242A850100BF5F7E /* Hello worldUITests.xctest */,
			);
			name = Products;
			sourceTree = "<group>";
		};
		3198D24E242A84F100BF5F7E /* Hello world */ = {
			isa = PBXGroup;
			children = (
				3198D24F242A84F100BF5F7E /* AppDelegate.swift */,
				3198D251242A84F100BF5F7E /* SceneDelegate.swift */,
				3198D253242A84F100BF5F7E /* ViewController.swift */,
				3198D255242A84F100BF5F7E /* Main.storyboard */,
				3198D258242A850000BF5F7E /* Assets.xcassets */,
				3198D25A242A850000BF5F7E /* LaunchScreen.storyboard */,
				3198D25D242A850000BF5F7E /* Info.plist */,
			);
			path = "Hello world";
			sourceTree = "<group>";
		};
		3198D265242A850100BF5F7E /* Hello worldTests */ = {
			isa = PBXGroup;
			children = (
				3198D266242A850100BF5F7E /* Hello_worldTests.swift */,
				3198D268242A850100BF5F7E /* Info.plist */,
			);
			path = "Hello worldTests";
			sourceTree = "<group>";
		};
		3198D270242A850100BF5F7E /* Hello worldUITests */ = {
			isa = PBXGroup;
			children = (
				3198D271242A850100BF5F7E /* Hello_worldUITests.swift */,
				3198D273242A850100BF5F7E /* Info.plist */,
			);
			path = "Hello worldUITests";
			sourceTree = "<group>";
		};
/* End PBXGroup section */

/* Begin PBXNativeTarget section */
		3198D24B242A84F100BF5F7E /* Hello world */ = {
			isa = PBXNativeTarget;
			buildConfigurationList = 3198D276242A850100BF5F7E /* Build configuration list for PBXNativeTarget "Hello world" */;
			buildPhases = (
				3198D248242A84F100BF5F7E /* Sources */,
				3198D249242A84F100BF5F7E /* Frameworks */,
				3198D24A242A84F100BF5F7E /* Resources */,
			);
			buildRules = (
			);
			dependencies = (
			);
			name = "Hello world";
			productName = "Hello world";
			productReference = 3198D24C242A84F100BF5F7E /* Hello world.app */;
			productType = "com.apple.product-type.application";
		};
		3198D261242A850100BF5F7E /* Hello worldTests */ = {
			isa = PBXNativeTarget;
			buildConfigurationList = 3198D279242A850100BF5F7E /* Build configuration list for PBXNativeTarget "Hello worldTests" */;
			buildPhases = (
				3198D25E242A850100BF5F7E /* Sources */,
				3198D25F242A850100BF5F7E /* Frameworks */,
				3198D260242A850100BF5F7E /* Resources */,
			);
			buildRules = (
			);
			dependencies = (
				3198D264242A850100BF5F7E /* PBXTargetDependency */,
			);
			name = "Hello worldTests";
			productName = "Hello worldTests";
			productReference = 3198D262242A850100BF5F7E /* Hello worldTests.xctest */;
			productType = "com.apple.product-type.bundle.unit-test";
		};
		3198D26C242A850100BF5F7E /* Hello worldUITests */ = {
			isa = PBXNativeTarget;
			buildConfigurationList = 3198D27C242A850100BF5F7E /* Build configuration list for PBXNativeTarget "Hello worldUITests" */;
			buildPhases = (
				3198D269242A850100BF5F7E /* Sources */,
				3198D26A242A850100BF5F7E /* Frameworks */,
				3198D26B242A850100BF5F7E /* Resources */,
			);
			buildRules = (
			);
			dependencies = (
				3198D26F242A850100BF5F7E /* PBXTargetDependency */,
			);
			name = "Hello worldUITests";
			productName = "Hello worldUITests";
			productReference = 3198D26D242A850100BF5F7E /* Hello worldUITests.xctest */;
			productType = "com.apple.product-type.bundle.ui-testing";
		};
/* End PBXNativeTarget section */

/* Begin PBXProject section */
		3198D244242A84F100BF5F7E /* Project object */ = {
			isa = PBXProject;
			attributes = {
				LastSwiftUpdateCheck = 1130;
				LastUpgradeCheck = 1130;
				ORGANIZATIONNAME = "Savi Kessler";
				TargetAttributes = {
					3198D24B242A84F100BF5F7E = {
						CreatedOnToolsVersion = 11.3.1;
					};
					3198D261242A850100BF5F7E = {
						CreatedOnToolsVersion = 11.3.1;
						TestTargetID = 3198D24B242A84F100BF5F7E;
					};
					3198D26C242A850100BF5F7E = {
						CreatedOnToolsVersion = 11.3.1;
						TestTargetID = 3198D24B242A84F100BF5F7E;
					};
				};
			};
			buildConfigurationList = 3198D247242A84F100BF5F7E /* Build configuration list for PBXProject "Hello world" */;
			compatibilityVersion = "Xcode 9.3";
			developmentRegion = en;
			hasScannedForEncodings = 0;
			knownRegions = (
				en,
				Base,
			);
			mainGroup = 3198D243242A84F100BF5F7E;
			productRefGroup = 3198D24D242A84F100BF5F7E /* Products */;
			projectDirPath = "";
			projectRoot = "";
			targets = (
				3198D24B242A84F100BF5F7E /* Hello world */,
				3198D261242A850100BF5F7E /* Hello worldTests */,
				3198D26C242A850100BF5F7E /* Hello worldUITests */,
			);
		};
/* End PBXProject section */

/* Begin PBXResourcesBuildPhase section */
		3198D24A242A84F100BF5F7E /* Resources */ = {
			isa = PBXResourcesBuildPhase;
			buildActionMask = 2147483647;
			files = (
				3198D25C242A850000BF5F7E /* LaunchScreen.storyboard in Resources */,
				3198D259242A850000BF5F7E /* Assets.xcassets in Resources */,
				3198D257242A84F100BF5F7E /* Main.storyboard in Resources */,
			);
			runOnlyForDeploymentPostprocessing = 0;
		};
		3198D260242A850100BF5F7E /* Resources */ = {
			isa = PBXResourcesBuildPhase;
			buildActionMask = 2147483647;
			files = (
			);
			runOnlyForDeploymentPostprocessing = 0;
		};
		3198D26B242A850100BF5F7E /* Resources */ = {
			isa = PBXResourcesBuildPhase;
			buildActionMask = 2147483647;
			files = (
			);
			runOnlyForDeploymentPostprocessing = 0;
		};
/* End PBXResourcesBuildPhase section */

/* Begin PBXSourcesBuildPhase section */
		3198D248242A84F100BF5F7E /* Sources */ = {
			isa = PBXSourcesBuildPhase;
			buildActionMask = 2147483647;
			files = (
				3198D254242A84F100BF5F7E /* ViewController.swift in Sources */,
				3198D250242A84F100BF5F7E /* AppDelegate.swift in Sources */,
				3198D252242A84F100BF5F7E /* SceneDelegate.swift in Sources */,
			);
			runOnlyForDeploymentPostprocessing = 0;
		};
		3198D25E242A850100BF5F7E /* Sources */ = {
			isa = PBXSourcesBuildPhase;
			buildActionMask = 2147483647;
			files = (
				3198D267242A850100BF5F7E /* Hello_worldTests.swift in Sources */,
			);
			runOnlyForDeploymentPostprocessing = 0;
		};
		3198D269242A850100BF5F7E /* Sources */ = {
			isa = PBXSourcesBuildPhase;
			buildActionMask = 2147483647;
			files = (
				3198D272242A850100BF5F7E /* Hello_worldUITests.swift in Sources */,
			);
			runOnlyForDeploymentPostprocessing = 0;
		};
/* End PBXSourcesBuildPhase section */

/* Begin PBXTargetDependency section */
		3198D264242A850100BF5F7E /* PBXTargetDependency */ = {
			isa = PBXTargetDependency;
			target = 3198D24B242A84F100BF5F7E /* Hello world */;
			targetProxy = 3198D263242A850100BF5F7E /* PBXContainerItemProxy */;
		};
		3198D26F242A850100BF5F7E /* PBXTargetDependency */ = {
			isa = PBXTargetDependency;
			target = 3198D24B242A84F100BF5F7E /* Hello world */;
			targetProxy = 3198D26E242A850100BF5F7E /* PBXContainerItemProxy */;
		};
/* End PBXTargetDependency section */

/* Begin PBXVariantGroup section */
		3198D255242A84F100BF5F7E /* Main.storyboard */ = {
			isa = PBXVariantGroup;
			children = (
				3198D256242A84F100BF5F7E /* Base */,
			);
			name = Main.storyboard;
			sourceTree = "<group>";
		};
		3198D25A242A850000BF5F7E /* LaunchScreen.storyboard */ = {
			isa = PBXVariantGroup;
			children = (
				3198D25B242A850000BF5F7E /* Base */,
			);
			name = LaunchScreen.storyboard;
			sourceTree = "<group>";
		};
/* End PBXVariantGroup section */

/* Begin XCBuildConfiguration section */
		3198D274242A850100BF5F7E /* Debug */ = {
			isa = XCBuildConfiguration;
			buildSettings = {
				ALWAYS_SEARCH_USER_PATHS = NO;
				CLANG_ANALYZER_NONNULL = YES;
				CLANG_ANALYZER_NUMBER_OBJECT_CONVERSION = YES_AGGRESSIVE;
				CLANG_CXX_LANGUAGE_STANDARD = "gnu++14";
				CLANG_CXX_LIBRARY = "libc++";
				CLANG_ENABLE_MODULES = YES;
				CLANG_ENABLE_OBJC_ARC = YES;
				CLANG_ENABLE_OBJC_WEAK = YES;
				CLANG_WARN_BLOCK_CAPTURE_AUTORELEASING = YES;
				CLANG_WARN_BOOL_CONVERSION = YES;
				CLANG_WARN_COMMA = YES;
				CLANG_WARN_CONSTANT_CONVERSION = YES;
				CLANG_WARN_DEPRECATED_OBJC_IMPLEMENTATIONS = YES;
				CLANG_WARN_DIRECT_OBJC_ISA_USAGE = YES_ERROR;
				CLANG_WARN_DOCUMENTATION_COMMENTS = YES;
				CLANG_WARN_EMPTY_BODY = YES;
				CLANG_WARN_ENUM_CONVERSION = YES;
				CLANG_WARN_INFINITE_RECURSION = YES;
				CLANG_WARN_INT_CONVERSION = YES;
				CLANG_WARN_NON_LITERAL_NULL_CONVERSION = YES;
				CLANG_WARN_OBJC_IMPLICIT_RETAIN_SELF = YES;
				CLANG_WARN_OBJC_LITERAL_CONVERSION = YES;
				CLANG_WARN_OBJC_ROOT_CLASS = YES_ERROR;
				CLANG_WARN_RANGE_LOOP_ANALYSIS = YES;
				CLANG_WARN_STRICT_PROTOTYPES = YES;
				CLANG_WARN_SUSPICIOUS_MOVE = YES;
				CLANG_WARN_UNGUARDED_AVAILABILITY = YES_AGGRESSIVE;
				CLANG_WARN_UNREACHABLE_CODE = YES;
				CLANG_WARN__DUPLICATE_METHOD_MATCH = YES;
				COPY_PHASE_STRIP = NO;
				DEBUG_INFORMATION_FORMAT = dwarf;
				ENABLE_STRICT_OBJC_MSGSEND = YES;
				ENABLE_TESTABILITY = YES;
				GCC_C_LANGUAGE_STANDARD = gnu11;
				GCC_DYNAMIC_NO_PIC = NO;
				GCC_NO_COMMON_BLOCKS = YES;
				GCC_OPTIMIZATION_LEVEL = 0;
				GCC_PREPROCESSOR_DEFINITIONS = (
					"DEBUG=1",
					"$(inherited)",
				);
				GCC_WARN_64_TO_32_BIT_CONVERSION = YES;
				GCC_WARN_ABOUT_RETURN_TYPE = YES_ERROR;
				GCC_WARN_UNDECLARED_SELECTOR = YES;
				GCC_WARN_UNINITIALIZED_AUTOS = YES_AGGRESSIVE;
				GCC_WARN_UNUSED_FUNCTION = YES;
				GCC_WARN_UNUSED_VARIABLE = YES;
				IPHONEOS_DEPLOYMENT_TARGET = 13.2;
				MTL_ENABLE_DEBUG_INFO = INCLUDE_SOURCE;
				MTL_FAST_MATH = YES;
				ONLY_ACTIVE_ARCH = YES;
				SDKROOT = iphoneos;
				SWIFT_ACTIVE_COMPILATION_CONDITIONS = DEBUG;
				SWIFT_OPTIMIZATION_LEVEL = "-Onone";
			};
			name = Debug;
		};
		3198D275242A850100BF5F7E /* Release */ = {
			isa = XCBuildConfiguration;
			buildSettings = {
				ALWAYS_SEARCH_USER_PATHS = NO;
				CLANG_ANALYZER_NONNULL = YES;
				CLANG_ANALYZER_NUMBER_OBJECT_CONVERSION = YES_AGGRESSIVE;
				CLANG_CXX_LANGUAGE_STANDARD = "gnu++14";
				CLANG_CXX_LIBRARY = "libc++";
				CLANG_ENABLE_MODULES = YES;
				CLANG_ENABLE_OBJC_ARC = YES;
				CLANG_ENABLE_OBJC_WEAK = YES;
				CLANG_WARN_BLOCK_CAPTURE_AUTORELEASING = YES;
				CLANG_WARN_BOOL_CONVERSION = YES;
				CLANG_WARN_COMMA = YES;
				CLANG_WARN_CONSTANT_CONVERSION = YES;
				CLANG_WARN_DEPRECATED_OBJC_IMPLEMENTATIONS = YES;
				CLANG_WARN_DIRECT_OBJC_ISA_USAGE = YES_ERROR;
				CLANG_WARN_DOCUMENTATION_COMMENTS = YES;
				CLANG_WARN_EMPTY_BODY = YES;
				CLANG_WARN_ENUM_CONVERSION = YES;
				CLANG_WARN_INFINITE_RECURSION = YES;
				CLANG_WARN_INT_CONVERSION = YES;
				CLANG_WARN_NON_LITERAL_NULL_CONVERSION = YES;
				CLANG_WARN_OBJC_IMPLICIT_RETAIN_SELF = YES;
				CLANG_WARN_OBJC_LITERAL_CONVERSION = YES;
				CLANG_WARN_OBJC_ROOT_CLASS = YES_ERROR;
				CLANG_WARN_RANGE_LOOP_ANALYSIS = YES;
				CLANG_WARN_STRICT_PROTOTYPES = YES;
				CLANG_WARN_SUSPICIOUS_MOVE = YES;
				CLANG_WARN_UNGUARDED_AVAILABILITY = YES_AGGRESSIVE;
				CLANG_WARN_UNREACHABLE_CODE = YES;
				CLANG_WARN__DUPLICATE_METHOD_MATCH = YES;
				COPY_PHASE_STRIP = NO;
				DEBUG_INFORMATION_FORMAT = "dwarf-with-dsym";
				ENABLE_NS_ASSERTIONS = NO;
				ENABLE_STRICT_OBJC_MSGSEND = YES;
				GCC_C_LANGUAGE_STANDARD = gnu11;
				GCC_NO_COMMON_BLOCKS = YES;
				GCC_WARN_64_TO_32_BIT_CONVERSION = YES;
				GCC_WARN_ABOUT_RETURN_TYPE = YES_ERROR;
				GCC_WARN_UNDECLARED_SELECTOR = YES;
				GCC_WARN_UNINITIALIZED_AUTOS = YES_AGGRESSIVE;
				GCC_WARN_UNUSED_FUNCTION = YES;
				GCC_WARN_UNUSED_VARIABLE = YES;
				IPHONEOS_DEPLOYMENT_TARGET = 13.2;
				MTL_ENABLE_DEBUG_INFO = NO;
				MTL_FAST_MATH = YES;
				SDKROOT = iphoneos;
				SWIFT_COMPILATION_MODE = wholemodule;
				SWIFT_OPTIMIZATION_LEVEL = "-O";
				VALIDATE_PRODUCT = YES;
			};
			name = Release;
		};
		3198D277242A850100BF5F7E /* Debug */ = {
			isa = XCBuildConfiguration;
			buildSettings = {
				ASSETCATALOG_COMPILER_APPICON_NAME = AppIcon;
				CODE_SIGN_STYLE = Automatic;
				INFOPLIST_FILE = "Hello world/Info.plist";
				LD_RUNPATH_SEARCH_PATHS = (
					"$(inherited)",
					"@executable_path/Frameworks",
				);
				PRODUCT_BUNDLE_IDENTIFIER = "com.savikessler.Hello-world";
				PRODUCT_NAME = "$(TARGET_NAME)";
				SWIFT_VERSION = 5.0;
				TARGETED_DEVICE_FAMILY = "1,2";
			};
			name = Debug;
		};
		3198D278242A850100BF5F7E /* Release */ = {
			isa = XCBuildConfiguration;
			buildSettings = {
				ASSETCATALOG_COMPILER_APPICON_NAME = AppIcon;
				CODE_SIGN_STYLE = Automatic;
				INFOPLIST_FILE = "Hello world/Info.plist";
				LD_RUNPATH_SEARCH_PATHS = (
					"$(inherited)",
					"@executable_path/Frameworks",
				);
				PRODUCT_BUNDLE_IDENTIFIER = "com.savikessler.Hello-world";
				PRODUCT_NAME = "$(TARGET_NAME)";
				SWIFT_VERSION = 5.0;
				TARGETED_DEVICE_FAMILY = "1,2";
			};
			name = Release;
		};
		3198D27A242A850100BF5F7E /* Debug */ = {
			isa = XCBuildConfiguration;
			buildSettings = {
				ALWAYS_EMBED_SWIFT_STANDARD_LIBRARIES = YES;
				BUNDLE_LOADER = "$(TEST_HOST)";
				CODE_SIGN_STYLE = Automatic;
				INFOPLIST_FILE = "Hello worldTests/Info.plist";
				IPHONEOS_DEPLOYMENT_TARGET = 13.2;
				LD_RUNPATH_SEARCH_PATHS = (
					"$(inherited)",
					"@executable_path/Frameworks",
					"@loader_path/Frameworks",
				);
				PRODUCT_BUNDLE_IDENTIFIER = "com.savikessler.Hello-worldTests";
				PRODUCT_NAME = "$(TARGET_NAME)";
				SWIFT_VERSION = 5.0;
				TARGETED_DEVICE_FAMILY = "1,2";
				TEST_HOST = "$(BUILT_PRODUCTS_DIR)/Hello world.app/Hello world";
			};
			name = Debug;
		};
		3198D27B242A850100BF5F7E /* Release */ = {
			isa = XCBuildConfiguration;
			buildSettings = {
				ALWAYS_EMBED_SWIFT_STANDARD_LIBRARIES = YES;
				BUNDLE_LOADER = "$(TEST_HOST)";
				CODE_SIGN_STYLE = Automatic;
				INFOPLIST_FILE = "Hello worldTests/Info.plist";
				IPHONEOS_DEPLOYMENT_TARGET = 13.2;
				LD_RUNPATH_SEARCH_PATHS = (
					"$(inherited)",
					"@executable_path/Frameworks",
					"@loader_path/Frameworks",
				);
				PRODUCT_BUNDLE_IDENTIFIER = "com.savikessler.Hello-worldTests";
				PRODUCT_NAME = "$(TARGET_NAME)";
				SWIFT_VERSION = 5.0;
				TARGETED_DEVICE_FAMILY = "1,2";
				TEST_HOST = "$(BUILT_PRODUCTS_DIR)/Hello world.app/Hello world";
			};
			name = Release;
		};
		3198D27D242A850100BF5F7E /* Debug */ = {
			isa = XCBuildConfiguration;
			buildSettings = {
				ALWAYS_EMBED_SWIFT_STANDARD_LIBRARIES = YES;
				CODE_SIGN_STYLE = Automatic;
				INFOPLIST_FILE = "Hello worldUITests/Info.plist";
				LD_RUNPATH_SEARCH_PATHS = (
					"$(inherited)",
					"@executable_path/Frameworks",
					"@loader_path/Frameworks",
				);
				PRODUCT_BUNDLE_IDENTIFIER = "com.savikessler.Hello-worldUITests";
				PRODUCT_NAME = "$(TARGET_NAME)";
				SWIFT_VERSION = 5.0;
				TARGETED_DEVICE_FAMILY = "1,2";
				TEST_TARGET_NAME = "Hello world";
			};
			name = Debug;
		};
		3198D27E242A850100BF5F7E /* Release */ = {
			isa = XCBuildConfiguration;
			buildSettings = {
				ALWAYS_EMBED_SWIFT_STANDARD_LIBRARIES = YES;
				CODE_SIGN_STYLE = Automatic;
				INFOPLIST_FILE = "Hello worldUITests/Info.plist";
				LD_RUNPATH_SEARCH_PATHS = (
					"$(inherited)",
					"@executable_path/Frameworks",
					"@loader_path/Frameworks",
				);
				PRODUCT_BUNDLE_IDENTIFIER = "com.savikessler.Hello-worldUITests";
				PRODUCT_NAME = "$(TARGET_NAME)";
				SWIFT_VERSION = 5.0;
				TARGETED_DEVICE_FAMILY = "1,2";
				TEST_TARGET_NAME = "Hello world";
			};
			name = Release;
		};
/* End XCBuildConfiguration section */

/* Begin XCConfigurationList section */
		3198D247242A84F100BF5F7E /* Build configuration list for PBXProject "Hello world" */ = {
			isa = XCConfigurationList;
			buildConfigurations = (
				3198D274242A850100BF5F7E /* Debug */,
				3198D275242A850100BF5F7E /* Release */,
			);
			defaultConfigurationIsVisible = 0;
			defaultConfigurationName = Release;
		};
		3198D276242A850100BF5F7E /* Build configuration list for PBXNativeTarget "Hello world" */ = {
			isa = XCConfigurationList;
			buildConfigurations = (
				3198D277242A850100BF5F7E /* Debug */,
				3198D278242A850100BF5F7E /* Release */,
			);
			defaultConfigurationIsVisible = 0;
			defaultConfigurationName = Release;
		};
		3198D279242A850100BF5F7E /* Build configuration list for PBXNativeTarget "Hello worldTests" */ = {
			isa = XCConfigurationList;
			buildConfigurations = (
				3198D27A242A850100BF5F7E /* Debug */,
				3198D27B242A850100BF5F7E /* Release */,
			);
			defaultConfigurationIsVisible = 0;
			defaultConfigurationName = Release;
		};
		3198D27C242A850100BF5F7E /* Build configuration list for PBXNativeTarget "Hello worldUITests" */ = {
			isa = XCConfigurationList;
			buildConfigurations = (
				3198D27D242A850100BF5F7E /* Debug */,
				3198D27E242A850100BF5F7E /* Release */,
			);
			defaultConfigurationIsVisible = 0;
			defaultConfigurationName = Release;
		};
/* End XCConfigurationList section */
	};
	rootObject = 3198D244242A84F100BF5F7E /* Project object */;
}
